// !$*UTF8*$!
{
	archiveVersion = 1;
	classes = {
	};
	objectVersion = 46;
	objects = {

/* Begin PBXBuildFile section */
		1842DAB11E07D0F500741187 /* AntCommand.m in Sources */ = {isa = PBXBuildFile; fileRef = 1842DA9A1E07D0F500741187 /* AntCommand.m */; };
		1842DAB21E07D0F500741187 /* AntCommandExecutor.m in Sources */ = {isa = PBXBuildFile; fileRef = 1842DA9C1E07D0F500741187 /* AntCommandExecutor.m */; };
		1842DAB31E07D0F500741187 /* AntFunctionsHandler.m in Sources */ = {isa = PBXBuildFile; fileRef = 1842DA9E1E07D0F500741187 /* AntFunctionsHandler.m */; };
		1842DAB41E07D0F500741187 /* AntModuleManager.m in Sources */ = {isa = PBXBuildFile; fileRef = 1842DAA11E07D0F500741187 /* AntModuleManager.m */; };
		1842DAB51E07D0F500741187 /* AntMount.m in Sources */ = {isa = PBXBuildFile; fileRef = 1842DAA31E07D0F500741187 /* AntMount.m */; };
		1842DAB61E07D0F500741187 /* AntNotification.m in Sources */ = {isa = PBXBuildFile; fileRef = 1842DAA51E07D0F500741187 /* AntNotification.m */; };
		1842DAB71E07D0F500741187 /* AntResident.m in Sources */ = {isa = PBXBuildFile; fileRef = 1842DAA71E07D0F500741187 /* AntResident.m */; };
		1842DAB81E07D0F500741187 /* AntRouterCenter.m in Sources */ = {isa = PBXBuildFile; fileRef = 1842DAAA1E07D0F500741187 /* AntRouterCenter.m */; };
		1842DAB91E07D0F500741187 /* AntRuntime.m in Sources */ = {isa = PBXBuildFile; fileRef = 1842DAAC1E07D0F500741187 /* AntRuntime.m */; };
		1842DABA1E07D0F500741187 /* AntString.m in Sources */ = {isa = PBXBuildFile; fileRef = 1842DAAE1E07D0F500741187 /* AntString.m */; };
		18596E3F1E02713000263CEF /* main.m in Sources */ = {isa = PBXBuildFile; fileRef = 18596E3E1E02713000263CEF /* main.m */; };
		18596E421E02713000263CEF /* AppDelegate.m in Sources */ = {isa = PBXBuildFile; fileRef = 18596E411E02713000263CEF /* AppDelegate.m */; };
		18596E451E02713000263CEF /* MasterViewController.m in Sources */ = {isa = PBXBuildFile; fileRef = 18596E441E02713000263CEF /* MasterViewController.m */; };
		18596E481E02713000263CEF /* DetailViewController.m in Sources */ = {isa = PBXBuildFile; fileRef = 18596E471E02713000263CEF /* DetailViewController.m */; };
		18596E4B1E02713000263CEF /* Main.storyboard in Resources */ = {isa = PBXBuildFile; fileRef = 18596E491E02713000263CEF /* Main.storyboard */; };
		18596E4D1E02713000263CEF /* Assets.xcassets in Resources */ = {isa = PBXBuildFile; fileRef = 18596E4C1E02713000263CEF /* Assets.xcassets */; };
		18596E501E02713000263CEF /* LaunchScreen.storyboard in Resources */ = {isa = PBXBuildFile; fileRef = 18596E4E1E02713000263CEF /* LaunchScreen.storyboard */; };
		18AB391D1E0934F500337AB2 /* AntUIModule.m in Sources */ = {isa = PBXBuildFile; fileRef = 18AB391C1E0934F500337AB2 /* AntUIModule.m */; };
		18AB39201E0948CB00337AB2 /* AntDictionary.m in Sources */ = {isa = PBXBuildFile; fileRef = 18AB391F1E0948CB00337AB2 /* AntDictionary.m */; };
		18AB39231E0A363A00337AB2 /* AntServiceModule.m in Sources */ = {isa = PBXBuildFile; fileRef = 18AB39221E0A363A00337AB2 /* AntServiceModule.m */; };
		18AB39261E0A364D00337AB2 /* AntDataModule.m in Sources */ = {isa = PBXBuildFile; fileRef = 18AB39251E0A364D00337AB2 /* AntDataModule.m */; };
		18AB39291E0A37B000337AB2 /* service_x.m in Sources */ = {isa = PBXBuildFile; fileRef = 18AB39281E0A37B000337AB2 /* service_x.m */; };
/* End PBXBuildFile section */

/* Begin PBXFileReference section */
		1842DA991E07D0F500741187 /* AntCommand.h */ = {isa = PBXFileReference; fileEncoding = 4; lastKnownFileType = sourcecode.c.h; path = AntCommand.h; sourceTree = "<group>"; };
		1842DA9A1E07D0F500741187 /* AntCommand.m */ = {isa = PBXFileReference; fileEncoding = 4; lastKnownFileType = sourcecode.c.objc; path = AntCommand.m; sourceTree = "<group>"; };
		1842DA9B1E07D0F500741187 /* AntCommandExecutor.h */ = {isa = PBXFileReference; fileEncoding = 4; lastKnownFileType = sourcecode.c.h; path = AntCommandExecutor.h; sourceTree = "<group>"; };
		1842DA9C1E07D0F500741187 /* AntCommandExecutor.m */ = {isa = PBXFileReference; fileEncoding = 4; lastKnownFileType = sourcecode.c.objc; path = AntCommandExecutor.m; sourceTree = "<group>"; };
		1842DA9D1E07D0F500741187 /* AntFunctionsHandler.h */ = {isa = PBXFileReference; fileEncoding = 4; lastKnownFileType = sourcecode.c.h; path = AntFunctionsHandler.h; sourceTree = "<group>"; };
		1842DA9E1E07D0F500741187 /* AntFunctionsHandler.m */ = {isa = PBXFileReference; fileEncoding = 4; lastKnownFileType = sourcecode.c.objc; path = AntFunctionsHandler.m; sourceTree = "<group>"; };
		1842DAA01E07D0F500741187 /* AntModuleManager.h */ = {isa = PBXFileReference; fileEncoding = 4; lastKnownFileType = sourcecode.c.h; path = AntModuleManager.h; sourceTree = "<group>"; };
		1842DAA11E07D0F500741187 /* AntModuleManager.m */ = {isa = PBXFileReference; fileEncoding = 4; lastKnownFileType = sourcecode.c.objc; path = AntModuleManager.m; sourceTree = "<group>"; };
		1842DAA21E07D0F500741187 /* AntMount.h */ = {isa = PBXFileReference; fileEncoding = 4; lastKnownFileType = sourcecode.c.h; path = AntMount.h; sourceTree = "<group>"; };
		1842DAA31E07D0F500741187 /* AntMount.m */ = {isa = PBXFileReference; fileEncoding = 4; lastKnownFileType = sourcecode.c.objc; path = AntMount.m; sourceTree = "<group>"; };
		1842DAA41E07D0F500741187 /* AntNotification.h */ = {isa = PBXFileReference; fileEncoding = 4; lastKnownFileType = sourcecode.c.h; path = AntNotification.h; sourceTree = "<group>"; };
		1842DAA51E07D0F500741187 /* AntNotification.m */ = {isa = PBXFileReference; fileEncoding = 4; lastKnownFileType = sourcecode.c.objc; path = AntNotification.m; sourceTree = "<group>"; };
		1842DAA61E07D0F500741187 /* AntResident.h */ = {isa = PBXFileReference; fileEncoding = 4; lastKnownFileType = sourcecode.c.h; path = AntResident.h; sourceTree = "<group>"; };
		1842DAA71E07D0F500741187 /* AntResident.m */ = {isa = PBXFileReference; fileEncoding = 4; lastKnownFileType = sourcecode.c.objc; path = AntResident.m; sourceTree = "<group>"; };
		1842DAA81E07D0F500741187 /* AntRouter.h */ = {isa = PBXFileReference; fileEncoding = 4; lastKnownFileType = sourcecode.c.h; path = AntRouter.h; sourceTree = "<group>"; };
		1842DAA91E07D0F500741187 /* AntRouterCenter.h */ = {isa = PBXFileReference; fileEncoding = 4; lastKnownFileType = sourcecode.c.h; path = AntRouterCenter.h; sourceTree = "<group>"; };
		1842DAAA1E07D0F500741187 /* AntRouterCenter.m */ = {isa = PBXFileReference; fileEncoding = 4; lastKnownFileType = sourcecode.c.objc; path = AntRouterCenter.m; sourceTree = "<group>"; };
		1842DAAB1E07D0F500741187 /* AntRuntime.h */ = {isa = PBXFileReference; fileEncoding = 4; lastKnownFileType = sourcecode.c.h; path = AntRuntime.h; sourceTree = "<group>"; };
		1842DAAC1E07D0F500741187 /* AntRuntime.m */ = {isa = PBXFileReference; fileEncoding = 4; lastKnownFileType = sourcecode.c.objc; path = AntRuntime.m; sourceTree = "<group>"; };
		1842DAAD1E07D0F500741187 /* AntString.h */ = {isa = PBXFileReference; fileEncoding = 4; lastKnownFileType = sourcecode.c.h; path = AntString.h; sourceTree = "<group>"; };
		1842DAAE1E07D0F500741187 /* AntString.m */ = {isa = PBXFileReference; fileEncoding = 4; lastKnownFileType = sourcecode.c.objc; path = AntString.m; sourceTree = "<group>"; };
		1842DAFB1E07DA2B00741187 /* AntModules.h */ = {isa = PBXFileReference; fileEncoding = 4; lastKnownFileType = sourcecode.c.h; path = AntModules.h; sourceTree = "<group>"; };
		18596E3A1E02713000263CEF /* AntModulePlayground.app */ = {isa = PBXFileReference; explicitFileType = wrapper.application; includeInIndex = 0; path = AntModulePlayground.app; sourceTree = BUILT_PRODUCTS_DIR; };
		18596E3E1E02713000263CEF /* main.m */ = {isa = PBXFileReference; lastKnownFileType = sourcecode.c.objc; path = main.m; sourceTree = "<group>"; };
		18596E401E02713000263CEF /* AppDelegate.h */ = {isa = PBXFileReference; lastKnownFileType = sourcecode.c.h; path = AppDelegate.h; sourceTree = "<group>"; };
		18596E411E02713000263CEF /* AppDelegate.m */ = {isa = PBXFileReference; lastKnownFileType = sourcecode.c.objc; path = AppDelegate.m; sourceTree = "<group>"; };
		18596E431E02713000263CEF /* MasterViewController.h */ = {isa = PBXFileReference; lastKnownFileType = sourcecode.c.h; path = MasterViewController.h; sourceTree = "<group>"; };
		18596E441E02713000263CEF /* MasterViewController.m */ = {isa = PBXFileReference; lastKnownFileType = sourcecode.c.objc; path = MasterViewController.m; sourceTree = "<group>"; };
		18596E461E02713000263CEF /* DetailViewController.h */ = {isa = PBXFileReference; lastKnownFileType = sourcecode.c.h; path = DetailViewController.h; sourceTree = "<group>"; };
		18596E471E02713000263CEF /* DetailViewController.m */ = {isa = PBXFileReference; lastKnownFileType = sourcecode.c.objc; path = DetailViewController.m; sourceTree = "<group>"; };
		18596E4A1E02713000263CEF /* Base */ = {isa = PBXFileReference; lastKnownFileType = file.storyboard; name = Base; path = Base.lproj/Main.storyboard; sourceTree = "<group>"; };
		18596E4C1E02713000263CEF /* Assets.xcassets */ = {isa = PBXFileReference; lastKnownFileType = folder.assetcatalog; path = Assets.xcassets; sourceTree = "<group>"; };
		18596E4F1E02713000263CEF /* Base */ = {isa = PBXFileReference; lastKnownFileType = file.storyboard; name = Base; path = Base.lproj/LaunchScreen.storyboard; sourceTree = "<group>"; };
		18596E511E02713000263CEF /* Info.plist */ = {isa = PBXFileReference; lastKnownFileType = text.plist.xml; path = Info.plist; sourceTree = "<group>"; };
		18AB391B1E0934F500337AB2 /* AntUIModule.h */ = {isa = PBXFileReference; fileEncoding = 4; lastKnownFileType = sourcecode.c.h; path = AntUIModule.h; sourceTree = "<group>"; };
		18AB391C1E0934F500337AB2 /* AntUIModule.m */ = {isa = PBXFileReference; fileEncoding = 4; lastKnownFileType = sourcecode.c.objc; path = AntUIModule.m; sourceTree = "<group>"; };
		18AB391E1E0948CB00337AB2 /* AntDictionary.h */ = {isa = PBXFileReference; fileEncoding = 4; lastKnownFileType = sourcecode.c.h; path = AntDictionary.h; sourceTree = "<group>"; };
		18AB391F1E0948CB00337AB2 /* AntDictionary.m */ = {isa = PBXFileReference; fileEncoding = 4; lastKnownFileType = sourcecode.c.objc; path = AntDictionary.m; sourceTree = "<group>"; };
		18AB39211E0A363A00337AB2 /* AntServiceModule.h */ = {isa = PBXFileReference; fileEncoding = 4; lastKnownFileType = sourcecode.c.h; path = AntServiceModule.h; sourceTree = "<group>"; };
		18AB39221E0A363A00337AB2 /* AntServiceModule.m */ = {isa = PBXFileReference; fileEncoding = 4; lastKnownFileType = sourcecode.c.objc; path = AntServiceModule.m; sourceTree = "<group>"; };
		18AB39241E0A364D00337AB2 /* AntDataModule.h */ = {isa = PBXFileReference; fileEncoding = 4; lastKnownFileType = sourcecode.c.h; path = AntDataModule.h; sourceTree = "<group>"; };
		18AB39251E0A364D00337AB2 /* AntDataModule.m */ = {isa = PBXFileReference; fileEncoding = 4; lastKnownFileType = sourcecode.c.objc; path = AntDataModule.m; sourceTree = "<group>"; };
		18AB39271E0A37B000337AB2 /* service_x.h */ = {isa = PBXFileReference; fileEncoding = 4; lastKnownFileType = sourcecode.c.h; path = service_x.h; sourceTree = "<group>"; };
		18AB39281E0A37B000337AB2 /* service_x.m */ = {isa = PBXFileReference; fileEncoding = 4; lastKnownFileType = sourcecode.c.objc; path = service_x.m; sourceTree = "<group>"; };
/* End PBXFileReference section */

/* Begin PBXFrameworksBuildPhase section */
		18596E371E02713000263CEF /* Frameworks */ = {
			isa = PBXFrameworksBuildPhase;
			buildActionMask = 2147483647;
			files = (
			);
			runOnlyForDeploymentPostprocessing = 0;
		};
/* End PBXFrameworksBuildPhase section */

/* Begin PBXGroup section */
		1842DA981E07D0F500741187 /* AntModule */ = {
			isa = PBXGroup;
			children = (
				1842DAA01E07D0F500741187 /* AntModuleManager.h */,
				1842DAA11E07D0F500741187 /* AntModuleManager.m */,
				1842DA9B1E07D0F500741187 /* AntCommandExecutor.h */,
				1842DA9C1E07D0F500741187 /* AntCommandExecutor.m */,
				1842DAA21E07D0F500741187 /* AntMount.h */,
				1842DAA31E07D0F500741187 /* AntMount.m */,
				1842DA991E07D0F500741187 /* AntCommand.h */,
				1842DA9A1E07D0F500741187 /* AntCommand.m */,
				1842DA9D1E07D0F500741187 /* AntFunctionsHandler.h */,
				1842DA9E1E07D0F500741187 /* AntFunctionsHandler.m */,
				1842DAA41E07D0F500741187 /* AntNotification.h */,
				1842DAA51E07D0F500741187 /* AntNotification.m */,
				1842DAA61E07D0F500741187 /* AntResident.h */,
				1842DAA71E07D0F500741187 /* AntResident.m */,
				1842DAA81E07D0F500741187 /* AntRouter.h */,
				1842DAA91E07D0F500741187 /* AntRouterCenter.h */,
				1842DAAA1E07D0F500741187 /* AntRouterCenter.m */,
				1842DAAB1E07D0F500741187 /* AntRuntime.h */,
				1842DAAC1E07D0F500741187 /* AntRuntime.m */,
				1842DAAD1E07D0F500741187 /* AntString.h */,
				1842DAAE1E07D0F500741187 /* AntString.m */,
				18AB391E1E0948CB00337AB2 /* AntDictionary.h */,
				18AB391F1E0948CB00337AB2 /* AntDictionary.m */,
				1842DAFB1E07DA2B00741187 /* AntModules.h */,
				18AB391B1E0934F500337AB2 /* AntUIModule.h */,
				18AB391C1E0934F500337AB2 /* AntUIModule.m */,
				18AB39241E0A364D00337AB2 /* AntDataModule.h */,
				18AB39251E0A364D00337AB2 /* AntDataModule.m */,
				18AB39211E0A363A00337AB2 /* AntServiceModule.h */,
				18AB39221E0A363A00337AB2 /* AntServiceModule.m */,
				18AB39271E0A37B000337AB2 /* service_x.h */,
				18AB39281E0A37B000337AB2 /* service_x.m */,
			);
			name = AntModule;
			path = ../Sources/AntModule;
			sourceTree = "<group>";
		};
		18596E311E02713000263CEF = {
			isa = PBXGroup;
			children = (
				1842DA981E07D0F500741187 /* AntModule */,
				18596E3C1E02713000263CEF /* AntModulePlayground */,
				18596E3B1E02713000263CEF /* Products */,
			);
			sourceTree = "<group>";
		};
		18596E3B1E02713000263CEF /* Products */ = {
			isa = PBXGroup;
			children = (
				18596E3A1E02713000263CEF /* AntModulePlayground.app */,
			);
			name = Products;
			sourceTree = "<group>";
		};
		18596E3C1E02713000263CEF /* AntModulePlayground */ = {
			isa = PBXGroup;
			children = (
				18596E401E02713000263CEF /* AppDelegate.h */,
				18596E411E02713000263CEF /* AppDelegate.m */,
				18596E431E02713000263CEF /* MasterViewController.h */,
				18596E441E02713000263CEF /* MasterViewController.m */,
				18596E461E02713000263CEF /* DetailViewController.h */,
				18596E471E02713000263CEF /* DetailViewController.m */,
				18596E491E02713000263CEF /* Main.storyboard */,
				18596E4C1E02713000263CEF /* Assets.xcassets */,
				18596E4E1E02713000263CEF /* LaunchScreen.storyboard */,
				18596E511E02713000263CEF /* Info.plist */,
				18596E3D1E02713000263CEF /* Supporting Files */,
			);
			path = AntModulePlayground;
			sourceTree = "<group>";
		};
		18596E3D1E02713000263CEF /* Supporting Files */ = {
			isa = PBXGroup;
			children = (
				18596E3E1E02713000263CEF /* main.m */,
			);
			name = "Supporting Files";
			sourceTree = "<group>";
		};
/* End PBXGroup section */

/* Begin PBXNativeTarget section */
		18596E391E02713000263CEF /* AntModulePlayground */ = {
			isa = PBXNativeTarget;
			buildConfigurationList = 18596E541E02713000263CEF /* Build configuration list for PBXNativeTarget "AntModulePlayground" */;
			buildPhases = (
				18596E361E02713000263CEF /* Sources */,
				18596E371E02713000263CEF /* Frameworks */,
				18596E381E02713000263CEF /* Resources */,
			);
			buildRules = (
			);
			dependencies = (
			);
			name = AntModulePlayground;
			productName = AntModulePlayground;
			productReference = 18596E3A1E02713000263CEF /* AntModulePlayground.app */;
			productType = "com.apple.product-type.application";
		};
/* End PBXNativeTarget section */

/* Begin PBXProject section */
		18596E321E02713000263CEF /* Project object */ = {
			isa = PBXProject;
			attributes = {
				LastUpgradeCheck = 0810;
				ORGANIZATIONNAME = sopig.cn;
				TargetAttributes = {
					18596E391E02713000263CEF = {
						CreatedOnToolsVersion = 8.1;
						ProvisioningStyle = Automatic;
					};
				};
			};
			buildConfigurationList = 18596E351E02713000263CEF /* Build configuration list for PBXProject "AntModulePlayground" */;
			compatibilityVersion = "Xcode 3.2";
			developmentRegion = English;
			hasScannedForEncodings = 0;
			knownRegions = (
				en,
				Base,
			);
			mainGroup = 18596E311E02713000263CEF;
			productRefGroup = 18596E3B1E02713000263CEF /* Products */;
			projectDirPath = "";
			projectRoot = "";
			targets = (
				18596E391E02713000263CEF /* AntModulePlayground */,
			);
		};
/* End PBXProject section */

/* Begin PBXResourcesBuildPhase section */
		18596E381E02713000263CEF /* Resources */ = {
			isa = PBXResourcesBuildPhase;
			buildActionMask = 2147483647;
			files = (
				18596E501E02713000263CEF /* LaunchScreen.storyboard in Resources */,
				18596E4D1E02713000263CEF /* Assets.xcassets in Resources */,
				18596E4B1E02713000263CEF /* Main.storyboard in Resources */,
			);
			runOnlyForDeploymentPostprocessing = 0;
		};
/* End PBXResourcesBuildPhase section */

/* Begin PBXSourcesBuildPhase section */
		18596E361E02713000263CEF /* Sources */ = {
			isa = PBXSourcesBuildPhase;
			buildActionMask = 2147483647;
			files = (
				1842DAB61E07D0F500741187 /* AntNotification.m in Sources */,
				1842DAB81E07D0F500741187 /* AntRouterCenter.m in Sources */,
				1842DAB11E07D0F500741187 /* AntCommand.m in Sources */,
				18AB39231E0A363A00337AB2 /* AntServiceModule.m in Sources */,
				18AB39201E0948CB00337AB2 /* AntDictionary.m in Sources */,
				1842DAB41E07D0F500741187 /* AntModuleManager.m in Sources */,
				18596E421E02713000263CEF /* AppDelegate.m in Sources */,
				18AB39261E0A364D00337AB2 /* AntDataModule.m in Sources */,
				1842DAB31E07D0F500741187 /* AntFunctionsHandler.m in Sources */,
				1842DAB91E07D0F500741187 /* AntRuntime.m in Sources */,
				1842DAB21E07D0F500741187 /* AntCommandExecutor.m in Sources */,
				1842DAB51E07D0F500741187 /* AntMount.m in Sources */,
				18AB391D1E0934F500337AB2 /* AntUIModule.m in Sources */,
				18596E451E02713000263CEF /* MasterViewController.m in Sources */,
				1842DAB71E07D0F500741187 /* AntResident.m in Sources */,
				18596E3F1E02713000263CEF /* main.m in Sources */,
				1842DABA1E07D0F500741187 /* AntString.m in Sources */,
				18596E481E02713000263CEF /* DetailViewController.m in Sources */,
				18AB39291E0A37B000337AB2 /* service_x.m in Sources */,
			);
			runOnlyForDeploymentPostprocessing = 0;
		};
/* End PBXSourcesBuildPhase section */

/* Begin PBXVariantGroup section */
		18596E491E02713000263CEF /* Main.storyboard */ = {
			isa = PBXVariantGroup;
			children = (
				18596E4A1E02713000263CEF /* Base */,
			);
			name = Main.storyboard;
			sourceTree = "<group>";
		};
		18596E4E1E02713000263CEF /* LaunchScreen.storyboard */ = {
			isa = PBXVariantGroup;
			children = (
				18596E4F1E02713000263CEF /* Base */,
			);
			name = LaunchScreen.storyboard;
			sourceTree = "<group>";
		};
/* End PBXVariantGroup section */

/* Begin XCBuildConfiguration section */
		18596E521E02713000263CEF /* Debug */ = {
			isa = XCBuildConfiguration;
			buildSettings = {
				ALWAYS_SEARCH_USER_PATHS = NO;
				CLANG_ANALYZER_NONNULL = YES;
				CLANG_CXX_LANGUAGE_STANDARD = "gnu++0x";
				CLANG_CXX_LIBRARY = "libc++";
				CLANG_ENABLE_MODULES = YES;
				CLANG_ENABLE_OBJC_ARC = YES;
				CLANG_WARN_BOOL_CONVERSION = YES;
				CLANG_WARN_CONSTANT_CONVERSION = YES;
				CLANG_WARN_DIRECT_OBJC_ISA_USAGE = YES_ERROR;
				CLANG_WARN_DOCUMENTATION_COMMENTS = YES;
				CLANG_WARN_EMPTY_BODY = YES;
				CLANG_WARN_ENUM_CONVERSION = YES;
				CLANG_WARN_INFINITE_RECURSION = YES;
				CLANG_WARN_INT_CONVERSION = YES;
				CLANG_WARN_OBJC_ROOT_CLASS = YES_ERROR;
				CLANG_WARN_SUSPICIOUS_MOVES = YES;
				CLANG_WARN_UNREACHABLE_CODE = YES;
				CLANG_WARN__DUPLICATE_METHOD_MATCH = YES;
				"CODE_SIGN_IDENTITY[sdk=iphoneos*]" = "iPhone Developer";
				COPY_PHASE_STRIP = NO;
				DEBUG_INFORMATION_FORMAT = dwarf;
				ENABLE_STRICT_OBJC_MSGSEND = YES;
				ENABLE_TESTABILITY = YES;
				GCC_C_LANGUAGE_STANDARD = gnu99;
				GCC_DYNAMIC_NO_PIC = NO;
				GCC_NO_COMMON_BLOCKS = YES;
				GCC_OPTIMIZATION_LEVEL = 0;
				GCC_PREPROCESSOR_DEFINITIONS = (
					"DEBUG=1",
					"$(inherited)",
				);
				GCC_WARN_64_TO_32_BIT_CONVERSION = YES;
				GCC_WARN_ABOUT_RETURN_TYPE = YES_ERROR;
				GCC_WARN_UNDECLARED_SELECTOR = YES;
				GCC_WARN_UNINITIALIZED_AUTOS = YES_AGGRESSIVE;
				GCC_WARN_UNUSED_FUNCTION = YES;
				GCC_WARN_UNUSED_VARIABLE = YES;
				IPHONEOS_DEPLOYMENT_TARGET = 10.1;
				MTL_ENABLE_DEBUG_INFO = YES;
				ONLY_ACTIVE_ARCH = YES;
				SDKROOT = iphoneos;
				TARGETED_DEVICE_FAMILY = "1,2";
			};
			name = Debug;
		};
		18596E531E02713000263CEF /* Release */ = {
			isa = XCBuildConfiguration;
			buildSettings = {
				ALWAYS_SEARCH_USER_PATHS = NO;
				CLANG_ANALYZER_NONNULL = YES;
				CLANG_CXX_LANGUAGE_STANDARD = "gnu++0x";
				CLANG_CXX_LIBRARY = "libc++";
				CLANG_ENABLE_MODULES = YES;
				CLANG_ENABLE_OBJC_ARC = YES;
				CLANG_WARN_BOOL_CONVERSION = YES;
				CLANG_WARN_CONSTANT_CONVERSION = YES;
				CLANG_WARN_DIRECT_OBJC_ISA_USAGE = YES_ERROR;
				CLANG_WARN_DOCUMENTATION_COMMENTS = YES;
				CLANG_WARN_EMPTY_BODY = YES;
				CLANG_WARN_ENUM_CONVERSION = YES;
				CLANG_WARN_INFINITE_RECURSION = YES;
				CLANG_WARN_INT_CONVERSION = YES;
				CLANG_WARN_OBJC_ROOT_CLASS = YES_ERROR;
				CLANG_WARN_SUSPICIOUS_MOVES = YES;
				CLANG_WARN_UNREACHABLE_CODE = YES;
				CLANG_WARN__DUPLICATE_METHOD_MATCH = YES;
				"CODE_SIGN_IDENTITY[sdk=iphoneos*]" = "iPhone Developer";
				COPY_PHASE_STRIP = NO;
				DEBUG_INFORMATION_FORMAT = "dwarf-with-dsym";
				ENABLE_NS_ASSERTIONS = NO;
				ENABLE_STRICT_OBJC_MSGSEND = YES;
				GCC_C_LANGUAGE_STANDARD = gnu99;
				GCC_NO_COMMON_BLOCKS = YES;
				GCC_WARN_64_TO_32_BIT_CONVERSION = YES;
				GCC_WARN_ABOUT_RETURN_TYPE = YES_ERROR;
				GCC_WARN_UNDECLARED_SELECTOR = YES;
				GCC_WARN_UNINITIALIZED_AUTOS = YES_AGGRESSIVE;
				GCC_WARN_UNUSED_FUNCTION = YES;
				GCC_WARN_UNUSED_VARIABLE = YES;
				IPHONEOS_DEPLOYMENT_TARGET = 10.1;
				MTL_ENABLE_DEBUG_INFO = NO;
				SDKROOT = iphoneos;
				TARGETED_DEVICE_FAMILY = "1,2";
				VALIDATE_PRODUCT = YES;
			};
			name = Release;
		};
		18596E551E02713000263CEF /* Debug */ = {
			isa = XCBuildConfiguration;
			buildSettings = {
				ASSETCATALOG_COMPILER_APPICON_NAME = AppIcon;
				INFOPLIST_FILE = AntModulePlayground/Info.plist;
				LD_RUNPATH_SEARCH_PATHS = "$(inherited) @executable_path/Frameworks";
				PRODUCT_BUNDLE_IDENTIFIER = sopig.cn.AntModulePlayground;
				PRODUCT_NAME = "$(TARGET_NAME)";
			};
			name = Debug;
		};
		18596E561E02713000263CEF /* Release */ = {
			isa = XCBuildConfiguration;
			buildSettings = {
				ASSETCATALOG_COMPILER_APPICON_NAME = AppIcon;
				INFOPLIST_FILE = AntModulePlayground/Info.plist;
				LD_RUNPATH_SEARCH_PATHS = "$(inherited) @executable_path/Frameworks";
				PRODUCT_BUNDLE_IDENTIFIER = sopig.cn.AntModulePlayground;
				PRODUCT_NAME = "$(TARGET_NAME)";
			};
			name = Release;
		};
/* End XCBuildConfiguration section */

/* Begin XCConfigurationList section */
		18596E351E02713000263CEF /* Build configuration list for PBXProject "AntModulePlayground" */ = {
			isa = XCConfigurationList;
			buildConfigurations = (
				18596E521E02713000263CEF /* Debug */,
				18596E531E02713000263CEF /* Release */,
			);
			defaultConfigurationIsVisible = 0;
			defaultConfigurationName = Release;
		};
		18596E541E02713000263CEF /* Build configuration list for PBXNativeTarget "AntModulePlayground" */ = {
			isa = XCConfigurationList;
			buildConfigurations = (
				18596E551E02713000263CEF /* Debug */,
				18596E561E02713000263CEF /* Release */,
			);
			defaultConfigurationIsVisible = 0;
			defaultConfigurationName = Release;
		};
/* End XCConfigurationList section */
	};
	rootObject = 18596E321E02713000263CEF /* Project object */;
}
