// !$*UTF8*$!
{
	archiveVersion = 1;
	classes = {
	};
	objectVersion = 46;
	objects = {

/* Begin PBXBuildFile section */
		1842DA5A1E0416AD00741187 /* AntRouter.m in Sources */ = {isa = PBXBuildFile; fileRef = 1842DA571E0416AD00741187 /* AntRouter.m */; };
		1842DA5B1E0416AD00741187 /* AntString.m in Sources */ = {isa = PBXBuildFile; fileRef = 1842DA591E0416AD00741187 /* AntString.m */; };
		18596E3F1E02713000263CEF /* main.m in Sources */ = {isa = PBXBuildFile; fileRef = 18596E3E1E02713000263CEF /* main.m */; };
		18596E421E02713000263CEF /* AppDelegate.m in Sources */ = {isa = PBXBuildFile; fileRef = 18596E411E02713000263CEF /* AppDelegate.m */; };
		18596E451E02713000263CEF /* MasterViewController.m in Sources */ = {isa = PBXBuildFile; fileRef = 18596E441E02713000263CEF /* MasterViewController.m */; };
		18596E481E02713000263CEF /* DetailViewController.m in Sources */ = {isa = PBXBuildFile; fileRef = 18596E471E02713000263CEF /* DetailViewController.m */; };
		18596E4B1E02713000263CEF /* Main.storyboard in Resources */ = {isa = PBXBuildFile; fileRef = 18596E491E02713000263CEF /* Main.storyboard */; };
		18596E4D1E02713000263CEF /* Assets.xcassets in Resources */ = {isa = PBXBuildFile; fileRef = 18596E4C1E02713000263CEF /* Assets.xcassets */; };
		18596E501E02713000263CEF /* LaunchScreen.storyboard in Resources */ = {isa = PBXBuildFile; fileRef = 18596E4E1E02713000263CEF /* LaunchScreen.storyboard */; };
		18596E671E02714200263CEF /* AntCommand.m in Sources */ = {isa = PBXBuildFile; fileRef = 18596E591E02714200263CEF /* AntCommand.m */; };
		18596E681E02714200263CEF /* AntCommandExecutor.m in Sources */ = {isa = PBXBuildFile; fileRef = 18596E5B1E02714200263CEF /* AntCommandExecutor.m */; };
		18596E691E02714200263CEF /* AntFunctionsHandler.m in Sources */ = {isa = PBXBuildFile; fileRef = 18596E5D1E02714200263CEF /* AntFunctionsHandler.m */; };
		18596E6A1E02714200263CEF /* AntModuleManager.m in Sources */ = {isa = PBXBuildFile; fileRef = 18596E601E02714200263CEF /* AntModuleManager.m */; };
		18596E6B1E02714200263CEF /* AntNotification.m in Sources */ = {isa = PBXBuildFile; fileRef = 18596E621E02714200263CEF /* AntNotification.m */; };
		18596E6C1E02714200263CEF /* AntResident.m in Sources */ = {isa = PBXBuildFile; fileRef = 18596E641E02714200263CEF /* AntResident.m */; };
		18596E6D1E02714200263CEF /* AntRuntime.m in Sources */ = {isa = PBXBuildFile; fileRef = 18596E661E02714200263CEF /* AntRuntime.m */; };
/* End PBXBuildFile section */

/* Begin PBXFileReference section */
		1842DA561E0416AD00741187 /* AntRouter.h */ = {isa = PBXFileReference; fileEncoding = 4; lastKnownFileType = sourcecode.c.h; path = AntRouter.h; sourceTree = "<group>"; };
		1842DA571E0416AD00741187 /* AntRouter.m */ = {isa = PBXFileReference; fileEncoding = 4; lastKnownFileType = sourcecode.c.objc; path = AntRouter.m; sourceTree = "<group>"; };
		1842DA581E0416AD00741187 /* AntString.h */ = {isa = PBXFileReference; fileEncoding = 4; lastKnownFileType = sourcecode.c.h; path = AntString.h; sourceTree = "<group>"; };
		1842DA591E0416AD00741187 /* AntString.m */ = {isa = PBXFileReference; fileEncoding = 4; lastKnownFileType = sourcecode.c.objc; path = AntString.m; sourceTree = "<group>"; };
		18596E3A1E02713000263CEF /* AntModulePlayground.app */ = {isa = PBXFileReference; explicitFileType = wrapper.application; includeInIndex = 0; path = AntModulePlayground.app; sourceTree = BUILT_PRODUCTS_DIR; };
		18596E3E1E02713000263CEF /* main.m */ = {isa = PBXFileReference; lastKnownFileType = sourcecode.c.objc; path = main.m; sourceTree = "<group>"; };
		18596E401E02713000263CEF /* AppDelegate.h */ = {isa = PBXFileReference; lastKnownFileType = sourcecode.c.h; path = AppDelegate.h; sourceTree = "<group>"; };
		18596E411E02713000263CEF /* AppDelegate.m */ = {isa = PBXFileReference; lastKnownFileType = sourcecode.c.objc; path = AppDelegate.m; sourceTree = "<group>"; };
		18596E431E02713000263CEF /* MasterViewController.h */ = {isa = PBXFileReference; lastKnownFileType = sourcecode.c.h; path = MasterViewController.h; sourceTree = "<group>"; };
		18596E441E02713000263CEF /* MasterViewController.m */ = {isa = PBXFileReference; lastKnownFileType = sourcecode.c.objc; path = MasterViewController.m; sourceTree = "<group>"; };
		18596E461E02713000263CEF /* DetailViewController.h */ = {isa = PBXFileReference; lastKnownFileType = sourcecode.c.h; path = DetailViewController.h; sourceTree = "<group>"; };
		18596E471E02713000263CEF /* DetailViewController.m */ = {isa = PBXFileReference; lastKnownFileType = sourcecode.c.objc; path = DetailViewController.m; sourceTree = "<group>"; };
		18596E4A1E02713000263CEF /* Base */ = {isa = PBXFileReference; lastKnownFileType = file.storyboard; name = Base; path = Base.lproj/Main.storyboard; sourceTree = "<group>"; };
		18596E4C1E02713000263CEF /* Assets.xcassets */ = {isa = PBXFileReference; lastKnownFileType = folder.assetcatalog; path = Assets.xcassets; sourceTree = "<group>"; };
		18596E4F1E02713000263CEF /* Base */ = {isa = PBXFileReference; lastKnownFileType = file.storyboard; name = Base; path = Base.lproj/LaunchScreen.storyboard; sourceTree = "<group>"; };
		18596E511E02713000263CEF /* Info.plist */ = {isa = PBXFileReference; lastKnownFileType = text.plist.xml; path = Info.plist; sourceTree = "<group>"; };
		18596E581E02714200263CEF /* AntCommand.h */ = {isa = PBXFileReference; fileEncoding = 4; lastKnownFileType = sourcecode.c.h; path = AntCommand.h; sourceTree = "<group>"; };
		18596E591E02714200263CEF /* AntCommand.m */ = {isa = PBXFileReference; fileEncoding = 4; lastKnownFileType = sourcecode.c.objc; path = AntCommand.m; sourceTree = "<group>"; };
		18596E5A1E02714200263CEF /* AntCommandExecutor.h */ = {isa = PBXFileReference; fileEncoding = 4; lastKnownFileType = sourcecode.c.h; path = AntCommandExecutor.h; sourceTree = "<group>"; };
		18596E5B1E02714200263CEF /* AntCommandExecutor.m */ = {isa = PBXFileReference; fileEncoding = 4; lastKnownFileType = sourcecode.c.objc; path = AntCommandExecutor.m; sourceTree = "<group>"; };
		18596E5C1E02714200263CEF /* AntFunctionsHandler.h */ = {isa = PBXFileReference; fileEncoding = 4; lastKnownFileType = sourcecode.c.h; path = AntFunctionsHandler.h; sourceTree = "<group>"; };
		18596E5D1E02714200263CEF /* AntFunctionsHandler.m */ = {isa = PBXFileReference; fileEncoding = 4; lastKnownFileType = sourcecode.c.objc; path = AntFunctionsHandler.m; sourceTree = "<group>"; };
		18596E5E1E02714200263CEF /* AntModule.h */ = {isa = PBXFileReference; fileEncoding = 4; lastKnownFileType = sourcecode.c.h; path = AntModule.h; sourceTree = "<group>"; };
		18596E5F1E02714200263CEF /* AntModuleManager.h */ = {isa = PBXFileReference; fileEncoding = 4; lastKnownFileType = sourcecode.c.h; path = AntModuleManager.h; sourceTree = "<group>"; };
		18596E601E02714200263CEF /* AntModuleManager.m */ = {isa = PBXFileReference; fileEncoding = 4; lastKnownFileType = sourcecode.c.objc; path = AntModuleManager.m; sourceTree = "<group>"; };
		18596E611E02714200263CEF /* AntNotification.h */ = {isa = PBXFileReference; fileEncoding = 4; lastKnownFileType = sourcecode.c.h; path = AntNotification.h; sourceTree = "<group>"; };
		18596E621E02714200263CEF /* AntNotification.m */ = {isa = PBXFileReference; fileEncoding = 4; lastKnownFileType = sourcecode.c.objc; path = AntNotification.m; sourceTree = "<group>"; };
		18596E631E02714200263CEF /* AntResident.h */ = {isa = PBXFileReference; fileEncoding = 4; lastKnownFileType = sourcecode.c.h; path = AntResident.h; sourceTree = "<group>"; };
		18596E641E02714200263CEF /* AntResident.m */ = {isa = PBXFileReference; fileEncoding = 4; lastKnownFileType = sourcecode.c.objc; path = AntResident.m; sourceTree = "<group>"; };
		18596E651E02714200263CEF /* AntRuntime.h */ = {isa = PBXFileReference; fileEncoding = 4; lastKnownFileType = sourcecode.c.h; path = AntRuntime.h; sourceTree = "<group>"; };
		18596E661E02714200263CEF /* AntRuntime.m */ = {isa = PBXFileReference; fileEncoding = 4; lastKnownFileType = sourcecode.c.objc; path = AntRuntime.m; sourceTree = "<group>"; };
/* End PBXFileReference section */

/* Begin PBXFrameworksBuildPhase section */
		18596E371E02713000263CEF /* Frameworks */ = {
			isa = PBXFrameworksBuildPhase;
			buildActionMask = 2147483647;
			files = (
			);
			runOnlyForDeploymentPostprocessing = 0;
		};
/* End PBXFrameworksBuildPhase section */

/* Begin PBXGroup section */
		18596E311E02713000263CEF = {
			isa = PBXGroup;
			children = (
				18596E571E02714200263CEF /* AntModule */,
				18596E3C1E02713000263CEF /* AntModulePlayground */,
				18596E3B1E02713000263CEF /* Products */,
			);
			sourceTree = "<group>";
		};
		18596E3B1E02713000263CEF /* Products */ = {
			isa = PBXGroup;
			children = (
				18596E3A1E02713000263CEF /* AntModulePlayground.app */,
			);
			name = Products;
			sourceTree = "<group>";
		};
		18596E3C1E02713000263CEF /* AntModulePlayground */ = {
			isa = PBXGroup;
			children = (
				18596E401E02713000263CEF /* AppDelegate.h */,
				18596E411E02713000263CEF /* AppDelegate.m */,
				18596E431E02713000263CEF /* MasterViewController.h */,
				18596E441E02713000263CEF /* MasterViewController.m */,
				18596E461E02713000263CEF /* DetailViewController.h */,
				18596E471E02713000263CEF /* DetailViewController.m */,
				18596E491E02713000263CEF /* Main.storyboard */,
				18596E4C1E02713000263CEF /* Assets.xcassets */,
				18596E4E1E02713000263CEF /* LaunchScreen.storyboard */,
				18596E511E02713000263CEF /* Info.plist */,
				18596E3D1E02713000263CEF /* Supporting Files */,
			);
			path = AntModulePlayground;
			sourceTree = "<group>";
		};
		18596E3D1E02713000263CEF /* Supporting Files */ = {
			isa = PBXGroup;
			children = (
				18596E3E1E02713000263CEF /* main.m */,
			);
			name = "Supporting Files";
			sourceTree = "<group>";
		};
		18596E571E02714200263CEF /* AntModule */ = {
			isa = PBXGroup;
			children = (
				1842DA561E0416AD00741187 /* AntRouter.h */,
				1842DA571E0416AD00741187 /* AntRouter.m */,
				1842DA581E0416AD00741187 /* AntString.h */,
				1842DA591E0416AD00741187 /* AntString.m */,
				18596E581E02714200263CEF /* AntCommand.h */,
				18596E591E02714200263CEF /* AntCommand.m */,
				18596E5A1E02714200263CEF /* AntCommandExecutor.h */,
				18596E5B1E02714200263CEF /* AntCommandExecutor.m */,
				18596E5C1E02714200263CEF /* AntFunctionsHandler.h */,
				18596E5D1E02714200263CEF /* AntFunctionsHandler.m */,
				18596E5E1E02714200263CEF /* AntModule.h */,
				18596E5F1E02714200263CEF /* AntModuleManager.h */,
				18596E601E02714200263CEF /* AntModuleManager.m */,
				18596E611E02714200263CEF /* AntNotification.h */,
				18596E621E02714200263CEF /* AntNotification.m */,
				18596E631E02714200263CEF /* AntResident.h */,
				18596E641E02714200263CEF /* AntResident.m */,
				18596E651E02714200263CEF /* AntRuntime.h */,
				18596E661E02714200263CEF /* AntRuntime.m */,
			);
			path = AntModule;
			sourceTree = "<group>";
		};
/* End PBXGroup section */

/* Begin PBXNativeTarget section */
		18596E391E02713000263CEF /* AntModulePlayground */ = {
			isa = PBXNativeTarget;
			buildConfigurationList = 18596E541E02713000263CEF /* Build configuration list for PBXNativeTarget "AntModulePlayground" */;
			buildPhases = (
				18596E361E02713000263CEF /* Sources */,
				18596E371E02713000263CEF /* Frameworks */,
				18596E381E02713000263CEF /* Resources */,
			);
			buildRules = (
			);
			dependencies = (
			);
			name = AntModulePlayground;
			productName = AntModulePlayground;
			productReference = 18596E3A1E02713000263CEF /* AntModulePlayground.app */;
			productType = "com.apple.product-type.application";
		};
/* End PBXNativeTarget section */

/* Begin PBXProject section */
		18596E321E02713000263CEF /* Project object */ = {
			isa = PBXProject;
			attributes = {
				LastUpgradeCheck = 0810;
				ORGANIZATIONNAME = sopig.cn;
				TargetAttributes = {
					18596E391E02713000263CEF = {
						CreatedOnToolsVersion = 8.1;
						ProvisioningStyle = Automatic;
					};
				};
			};
			buildConfigurationList = 18596E351E02713000263CEF /* Build configuration list for PBXProject "AntModulePlayground" */;
			compatibilityVersion = "Xcode 3.2";
			developmentRegion = English;
			hasScannedForEncodings = 0;
			knownRegions = (
				en,
				Base,
			);
			mainGroup = 18596E311E02713000263CEF;
			productRefGroup = 18596E3B1E02713000263CEF /* Products */;
			projectDirPath = "";
			projectRoot = "";
			targets = (
				18596E391E02713000263CEF /* AntModulePlayground */,
			);
		};
/* End PBXProject section */

/* Begin PBXResourcesBuildPhase section */
		18596E381E02713000263CEF /* Resources */ = {
			isa = PBXResourcesBuildPhase;
			buildActionMask = 2147483647;
			files = (
				18596E501E02713000263CEF /* LaunchScreen.storyboard in Resources */,
				18596E4D1E02713000263CEF /* Assets.xcassets in Resources */,
				18596E4B1E02713000263CEF /* Main.storyboard in Resources */,
			);
			runOnlyForDeploymentPostprocessing = 0;
		};
/* End PBXResourcesBuildPhase section */

/* Begin PBXSourcesBuildPhase section */
		18596E361E02713000263CEF /* Sources */ = {
			isa = PBXSourcesBuildPhase;
			buildActionMask = 2147483647;
			files = (
				18596E671E02714200263CEF /* AntCommand.m in Sources */,
				18596E6A1E02714200263CEF /* AntModuleManager.m in Sources */,
				1842DA5A1E0416AD00741187 /* AntRouter.m in Sources */,
				18596E6D1E02714200263CEF /* AntRuntime.m in Sources */,
				18596E421E02713000263CEF /* AppDelegate.m in Sources */,
				18596E6C1E02714200263CEF /* AntResident.m in Sources */,
				18596E691E02714200263CEF /* AntFunctionsHandler.m in Sources */,
				18596E681E02714200263CEF /* AntCommandExecutor.m in Sources */,
				1842DA5B1E0416AD00741187 /* AntString.m in Sources */,
				18596E451E02713000263CEF /* MasterViewController.m in Sources */,
				18596E3F1E02713000263CEF /* main.m in Sources */,
				18596E6B1E02714200263CEF /* AntNotification.m in Sources */,
				18596E481E02713000263CEF /* DetailViewController.m in Sources */,
			);
			runOnlyForDeploymentPostprocessing = 0;
		};
/* End PBXSourcesBuildPhase section */

/* Begin PBXVariantGroup section */
		18596E491E02713000263CEF /* Main.storyboard */ = {
			isa = PBXVariantGroup;
			children = (
				18596E4A1E02713000263CEF /* Base */,
			);
			name = Main.storyboard;
			sourceTree = "<group>";
		};
		18596E4E1E02713000263CEF /* LaunchScreen.storyboard */ = {
			isa = PBXVariantGroup;
			children = (
				18596E4F1E02713000263CEF /* Base */,
			);
			name = LaunchScreen.storyboard;
			sourceTree = "<group>";
		};
/* End PBXVariantGroup section */

/* Begin XCBuildConfiguration section */
		18596E521E02713000263CEF /* Debug */ = {
			isa = XCBuildConfiguration;
			buildSettings = {
				ALWAYS_SEARCH_USER_PATHS = NO;
				CLANG_ANALYZER_NONNULL = YES;
				CLANG_CXX_LANGUAGE_STANDARD = "gnu++0x";
				CLANG_CXX_LIBRARY = "libc++";
				CLANG_ENABLE_MODULES = YES;
				CLANG_ENABLE_OBJC_ARC = YES;
				CLANG_WARN_BOOL_CONVERSION = YES;
				CLANG_WARN_CONSTANT_CONVERSION = YES;
				CLANG_WARN_DIRECT_OBJC_ISA_USAGE = YES_ERROR;
				CLANG_WARN_DOCUMENTATION_COMMENTS = YES;
				CLANG_WARN_EMPTY_BODY = YES;
				CLANG_WARN_ENUM_CONVERSION = YES;
				CLANG_WARN_INFINITE_RECURSION = YES;
				CLANG_WARN_INT_CONVERSION = YES;
				CLANG_WARN_OBJC_ROOT_CLASS = YES_ERROR;
				CLANG_WARN_SUSPICIOUS_MOVES = YES;
				CLANG_WARN_UNREACHABLE_CODE = YES;
				CLANG_WARN__DUPLICATE_METHOD_MATCH = YES;
				"CODE_SIGN_IDENTITY[sdk=iphoneos*]" = "iPhone Developer";
				COPY_PHASE_STRIP = NO;
				DEBUG_INFORMATION_FORMAT = dwarf;
				ENABLE_STRICT_OBJC_MSGSEND = YES;
				ENABLE_TESTABILITY = YES;
				GCC_C_LANGUAGE_STANDARD = gnu99;
				GCC_DYNAMIC_NO_PIC = NO;
				GCC_NO_COMMON_BLOCKS = YES;
				GCC_OPTIMIZATION_LEVEL = 0;
				GCC_PREPROCESSOR_DEFINITIONS = (
					"DEBUG=1",
					"$(inherited)",
				);
				GCC_WARN_64_TO_32_BIT_CONVERSION = YES;
				GCC_WARN_ABOUT_RETURN_TYPE = YES_ERROR;
				GCC_WARN_UNDECLARED_SELECTOR = YES;
				GCC_WARN_UNINITIALIZED_AUTOS = YES_AGGRESSIVE;
				GCC_WARN_UNUSED_FUNCTION = YES;
				GCC_WARN_UNUSED_VARIABLE = YES;
				IPHONEOS_DEPLOYMENT_TARGET = 10.1;
				MTL_ENABLE_DEBUG_INFO = YES;
				ONLY_ACTIVE_ARCH = YES;
				SDKROOT = iphoneos;
				TARGETED_DEVICE_FAMILY = "1,2";
			};
			name = Debug;
		};
		18596E531E02713000263CEF /* Release */ = {
			isa = XCBuildConfiguration;
			buildSettings = {
				ALWAYS_SEARCH_USER_PATHS = NO;
				CLANG_ANALYZER_NONNULL = YES;
				CLANG_CXX_LANGUAGE_STANDARD = "gnu++0x";
				CLANG_CXX_LIBRARY = "libc++";
				CLANG_ENABLE_MODULES = YES;
				CLANG_ENABLE_OBJC_ARC = YES;
				CLANG_WARN_BOOL_CONVERSION = YES;
				CLANG_WARN_CONSTANT_CONVERSION = YES;
				CLANG_WARN_DIRECT_OBJC_ISA_USAGE = YES_ERROR;
				CLANG_WARN_DOCUMENTATION_COMMENTS = YES;
				CLANG_WARN_EMPTY_BODY = YES;
				CLANG_WARN_ENUM_CONVERSION = YES;
				CLANG_WARN_INFINITE_RECURSION = YES;
				CLANG_WARN_INT_CONVERSION = YES;
				CLANG_WARN_OBJC_ROOT_CLASS = YES_ERROR;
				CLANG_WARN_SUSPICIOUS_MOVES = YES;
				CLANG_WARN_UNREACHABLE_CODE = YES;
				CLANG_WARN__DUPLICATE_METHOD_MATCH = YES;
				"CODE_SIGN_IDENTITY[sdk=iphoneos*]" = "iPhone Developer";
				COPY_PHASE_STRIP = NO;
				DEBUG_INFORMATION_FORMAT = "dwarf-with-dsym";
				ENABLE_NS_ASSERTIONS = NO;
				ENABLE_STRICT_OBJC_MSGSEND = YES;
				GCC_C_LANGUAGE_STANDARD = gnu99;
				GCC_NO_COMMON_BLOCKS = YES;
				GCC_WARN_64_TO_32_BIT_CONVERSION = YES;
				GCC_WARN_ABOUT_RETURN_TYPE = YES_ERROR;
				GCC_WARN_UNDECLARED_SELECTOR = YES;
				GCC_WARN_UNINITIALIZED_AUTOS = YES_AGGRESSIVE;
				GCC_WARN_UNUSED_FUNCTION = YES;
				GCC_WARN_UNUSED_VARIABLE = YES;
				IPHONEOS_DEPLOYMENT_TARGET = 10.1;
				MTL_ENABLE_DEBUG_INFO = NO;
				SDKROOT = iphoneos;
				TARGETED_DEVICE_FAMILY = "1,2";
				VALIDATE_PRODUCT = YES;
			};
			name = Release;
		};
		18596E551E02713000263CEF /* Debug */ = {
			isa = XCBuildConfiguration;
			buildSettings = {
				ASSETCATALOG_COMPILER_APPICON_NAME = AppIcon;
				INFOPLIST_FILE = AntModulePlayground/Info.plist;
				LD_RUNPATH_SEARCH_PATHS = "$(inherited) @executable_path/Frameworks";
				PRODUCT_BUNDLE_IDENTIFIER = sopig.cn.AntModulePlayground;
				PRODUCT_NAME = "$(TARGET_NAME)";
			};
			name = Debug;
		};
		18596E561E02713000263CEF /* Release */ = {
			isa = XCBuildConfiguration;
			buildSettings = {
				ASSETCATALOG_COMPILER_APPICON_NAME = AppIcon;
				INFOPLIST_FILE = AntModulePlayground/Info.plist;
				LD_RUNPATH_SEARCH_PATHS = "$(inherited) @executable_path/Frameworks";
				PRODUCT_BUNDLE_IDENTIFIER = sopig.cn.AntModulePlayground;
				PRODUCT_NAME = "$(TARGET_NAME)";
			};
			name = Release;
		};
/* End XCBuildConfiguration section */

/* Begin XCConfigurationList section */
		18596E351E02713000263CEF /* Build configuration list for PBXProject "AntModulePlayground" */ = {
			isa = XCConfigurationList;
			buildConfigurations = (
				18596E521E02713000263CEF /* Debug */,
				18596E531E02713000263CEF /* Release */,
			);
			defaultConfigurationIsVisible = 0;
			defaultConfigurationName = Release;
		};
		18596E541E02713000263CEF /* Build configuration list for PBXNativeTarget "AntModulePlayground" */ = {
			isa = XCConfigurationList;
			buildConfigurations = (
				18596E551E02713000263CEF /* Debug */,
				18596E561E02713000263CEF /* Release */,
			);
			defaultConfigurationIsVisible = 0;
			defaultConfigurationName = Release;
		};
/* End XCConfigurationList section */
	};
	rootObject = 18596E321E02713000263CEF /* Project object */;
}
